
Microsoft Visual Studio Solution File, Format Version 12.00
# Visual Studio Version 17
VisualStudioVersion = 17.9.34728.123
MinimumVisualStudioVersion = 10.0.40219.1
Project("{FAE04EC0-301F-11D3-BF4B-00C04F79EFBC}") = "tech-software-engineer-consultant-int-backend", "tech-software-engineer-consultant-int-backend.csproj", "{4E46FDCC-7B33-4A9D-A9CE-B932119F13BC}"
EndProject
Global
	GlobalSection(SolutionConfigurationPlatforms) = preSolution
		Debug|Any CPU = Debug|Any CPU
		Release|Any CPU = Release|Any CPU
	EndGlobalSection
	GlobalSection(ProjectConfigurationPlatforms) = postSolution
		{4E46FDCC-7B33-4A9D-A9CE-B932119F13BC}.Debug|Any CPU.ActiveCfg = Release|Any CPU
		{4E46FDCC-7B33-4A9D-A9CE-B932119F13BC}.Debug|Any CPU.Build.0 = Release|Any CPU
		{4E46FDCC-7B33-4A9D-A9CE-B932119F13BC}.Release|Any CPU.ActiveCfg = Release|Any CPU
		{4E46FDCC-7B33-4A9D-A9CE-B932119F13BC}.Release|Any CPU.Build.0 = Release|Any CPU
	EndGlobalSection
	GlobalSection(SolutionProperties) = preSolution
		HideSolutionNode = FALSE
	EndGlobalSection
	GlobalSection(ExtensibilityGlobals) = postSolution
		SolutionGuid = {035C3ADC-6607-4625-BF3D-651CD7E586DC}
	EndGlobalSection
EndGlobal
